
Microsoft Visual Studio Solution File, Format Version 12.00
# Visual Studio Version 17
VisualStudioVersion = 17.14.36414.22
MinimumVisualStudioVersion = 10.0.40219.1
Project("{2150E333-8FDC-42A3-9474-1A3956D46DE8}") = "ApiGateway", "ApiGateway", "{02EA681E-C7D8-13C7-8484-4AC65E1B71E8}"
EndProject
Project("{2150E333-8FDC-42A3-9474-1A3956D46DE8}") = "BuildingBlocks", "BuildingBlocks", "{9710A3FA-E00D-4C42-A2BA-08D7EF638A2F}"
EndProject
Project("{2150E333-8FDC-42A3-9474-1A3956D46DE8}") = "Services", "Services", "{B243F072-C22C-4297-9AE9-D48C4E170FB0}"
EndProject
Project("{FAE04EC0-301F-11D3-BF4B-00C04F79EFBC}") = "YarpApiGateway", "ApiGateway\YarpApiGateway\YarpApiGateway.csproj", "{3EE96C3E-7BAF-47C6-A6B3-E52C48DA5608}"
EndProject
Project("{FAE04EC0-301F-11D3-BF4B-00C04F79EFBC}") = "BuildingBlocks", "BuildingBlocks\BuildingBlocks\BuildingBlocks.csproj", "{0ECD44EA-F737-4601-89FA-8C54B75DFEB9}"
EndProject
Project("{FAE04EC0-301F-11D3-BF4B-00C04F79EFBC}") = "BuildingBlocks.Messaging", "BuildingBlocks\BuildingBlocks.Messaging\BuildingBlocks.Messaging.csproj", "{1D923644-290A-4FA9-95D4-DC915D290E26}"
EndProject
Project("{E53339B2-1760-4266-BCC7-CA923CBCF16C}") = "docker-compose", "docker-compose.dcproj", "{81DDED9D-158B-E303-5F62-77A2896D2A5A}"
EndProject
Project("{2150E333-8FDC-42A3-9474-1A3956D46DE8}") = "WarrantyClaimService", "WarrantyClaimService", "{0978990D-029E-432A-8234-A31EBE9A1DD0}"
EndProject
Project("{FAE04EC0-301F-11D3-BF4B-00C04F79EFBC}") = "WarrantyClaim.Infrastructure", "Services\WarrantyClaimService\WarrantyClaim.Infrastructure\WarrantyClaim.Infrastructure.csproj", "{9CE1696F-7B4F-4163-8B9B-275CC47C976C}"
EndProject
Project("{FAE04EC0-301F-11D3-BF4B-00C04F79EFBC}") = "WarrantyClaim.Domain", "Services\WarrantyClaimService\WarrantyClaim.Domain\WarrantyClaim.Domain.csproj", "{958DF18C-F2D5-4A95-AEDA-BDC749BD55EB}"
EndProject
Project("{FAE04EC0-301F-11D3-BF4B-00C04F79EFBC}") = "WarrantyClaim.Application", "Services\WarrantyClaimService\WarrantyClaim.Application\WarrantyClaim.Application.csproj", "{36E27CD4-022D-4A44-BCC0-951C33ED8330}"
EndProject
Project("{FAE04EC0-301F-11D3-BF4B-00C04F79EFBC}") = "WarrantyClaim.API", "Services\WarrantyClaimService\WarrantyClaim.API\WarrantyClaim.API.csproj", "{5100EC95-4225-43AD-9062-F1EDA8ECDF80}"
EndProject
Project("{2150E333-8FDC-42A3-9474-1A3956D46DE8}") = "CarRegisterService", "CarRegisterService", "{2CFFDA80-441F-40FE-9938-8B6E693C6C43}"
EndProject
Project("{FAE04EC0-301F-11D3-BF4B-00C04F79EFBC}") = "Vehicle.API", "Services\CarRegisterService\Vehicle.API\Vehicle.API.csproj", "{CF405C10-219B-4ADA-8C19-E910187F3146}"
EndProject
Project("{2150E333-8FDC-42A3-9474-1A3956D46DE8}") = "PartCatalogService", "PartCatalogService", "{761DC7E0-BBB7-4CA5-BB83-F8CC72FBC52E}"
EndProject
Project("{FAE04EC0-301F-11D3-BF4B-00C04F79EFBC}") = "PartCatalog.Domain", "Services\PartCatalogService\PartCatalog.Domain\PartCatalog.Domain.csproj", "{46276BFC-A1AB-40FF-AE79-3BAEE39E52E2}"
EndProject
Project("{FAE04EC0-301F-11D3-BF4B-00C04F79EFBC}") = "PartCatalog.Application", "Services\PartCatalogService\PartCatalog.Application\PartCatalog.Application.csproj", "{BD0CFC0A-32E8-42D4-9B1F-2DB3DD8FF101}"
EndProject
Project("{FAE04EC0-301F-11D3-BF4B-00C04F79EFBC}") = "PartCatalog.Infrastructure", "Services\PartCatalogService\PartCatalog.Infrastructure\PartCatalog.Infrastructure.csproj", "{623847D9-5BCD-4120-8088-9D846A30A154}"
EndProject
Project("{FAE04EC0-301F-11D3-BF4B-00C04F79EFBC}") = "PartCatalog.API", "Services\PartCatalogService\PartCatalog.API\PartCatalog.API.csproj", "{09DB9129-CA0A-4FCC-84DC-8E0EEE9C8DEC}"
EndProject
Project("{2150E333-8FDC-42A3-9474-1A3956D46DE8}") = "UserService", "UserService", "{6CD282F9-7661-4F4A-B581-47326F56FA8B}"
EndProject
Project("{FAE04EC0-301F-11D3-BF4B-00C04F79EFBC}") = "EVWUser.API", "Services\UserService\EVWUser.API\EVWUser.API.csproj", "{174DE950-B317-4ECC-8CFC-D8AADE9F91EC}"
EndProject
Project("{FAE04EC0-301F-11D3-BF4B-00C04F79EFBC}") = "Vehicle.Domain", "Services\CarRegisterService\Vehicle.Domain\Vehicle.Domain.csproj", "{35B60E3B-5F01-4E3C-A0F4-EE65FC35121A}"
EndProject
Project("{FAE04EC0-301F-11D3-BF4B-00C04F79EFBC}") = "Vehicle.Application", "Services\CarRegisterService\Vehicle.Application\Vehicle.Application.csproj", "{9F39419D-0674-4DEC-86A2-C3BEB91FF4D1}"
EndProject
Project("{FAE04EC0-301F-11D3-BF4B-00C04F79EFBC}") = "Vehicle.Infrastructure", "Services\CarRegisterService\Vehicle.Infrastructure\Vehicle.Infrastructure.csproj", "{5CDFC285-76B2-C26E-C7EE-013BE183A7D6}"
EndProject
Project("{FAE04EC0-301F-11D3-BF4B-00C04F79EFBC}") = "BuildingBlocks.Email", "BuildingBlocks\BuildingBlocks.Email\BuildingBlocks.Email.csproj", "{27FC8D86-DD36-4B86-B6C7-1936926481D2}"
EndProject
Global
	GlobalSection(SolutionConfigurationPlatforms) = preSolution
		Debug|Any CPU = Debug|Any CPU
		Debug|x64 = Debug|x64
		Debug|x86 = Debug|x86
		Release|Any CPU = Release|Any CPU
		Release|x64 = Release|x64
		Release|x86 = Release|x86
	EndGlobalSection
	GlobalSection(ProjectConfigurationPlatforms) = postSolution
		{3EE96C3E-7BAF-47C6-A6B3-E52C48DA5608}.Debug|Any CPU.ActiveCfg = Debug|Any CPU
		{3EE96C3E-7BAF-47C6-A6B3-E52C48DA5608}.Debug|Any CPU.Build.0 = Debug|Any CPU
		{3EE96C3E-7BAF-47C6-A6B3-E52C48DA5608}.Debug|x64.ActiveCfg = Debug|Any CPU
		{3EE96C3E-7BAF-47C6-A6B3-E52C48DA5608}.Debug|x64.Build.0 = Debug|Any CPU
		{3EE96C3E-7BAF-47C6-A6B3-E52C48DA5608}.Debug|x86.ActiveCfg = Debug|Any CPU
		{3EE96C3E-7BAF-47C6-A6B3-E52C48DA5608}.Debug|x86.Build.0 = Debug|Any CPU
		{3EE96C3E-7BAF-47C6-A6B3-E52C48DA5608}.Release|Any CPU.ActiveCfg = Release|Any CPU
		{3EE96C3E-7BAF-47C6-A6B3-E52C48DA5608}.Release|Any CPU.Build.0 = Release|Any CPU
		{3EE96C3E-7BAF-47C6-A6B3-E52C48DA5608}.Release|x64.ActiveCfg = Release|Any CPU
		{3EE96C3E-7BAF-47C6-A6B3-E52C48DA5608}.Release|x64.Build.0 = Release|Any CPU
		{3EE96C3E-7BAF-47C6-A6B3-E52C48DA5608}.Release|x86.ActiveCfg = Release|Any CPU
		{3EE96C3E-7BAF-47C6-A6B3-E52C48DA5608}.Release|x86.Build.0 = Release|Any CPU
		{0ECD44EA-F737-4601-89FA-8C54B75DFEB9}.Debug|Any CPU.ActiveCfg = Debug|Any CPU
		{0ECD44EA-F737-4601-89FA-8C54B75DFEB9}.Debug|Any CPU.Build.0 = Debug|Any CPU
		{0ECD44EA-F737-4601-89FA-8C54B75DFEB9}.Debug|x64.ActiveCfg = Debug|Any CPU
		{0ECD44EA-F737-4601-89FA-8C54B75DFEB9}.Debug|x64.Build.0 = Debug|Any CPU
		{0ECD44EA-F737-4601-89FA-8C54B75DFEB9}.Debug|x86.ActiveCfg = Debug|Any CPU
		{0ECD44EA-F737-4601-89FA-8C54B75DFEB9}.Debug|x86.Build.0 = Debug|Any CPU
		{0ECD44EA-F737-4601-89FA-8C54B75DFEB9}.Release|Any CPU.ActiveCfg = Release|Any CPU
		{0ECD44EA-F737-4601-89FA-8C54B75DFEB9}.Release|Any CPU.Build.0 = Release|Any CPU
		{0ECD44EA-F737-4601-89FA-8C54B75DFEB9}.Release|x64.ActiveCfg = Release|Any CPU
		{0ECD44EA-F737-4601-89FA-8C54B75DFEB9}.Release|x64.Build.0 = Release|Any CPU
		{0ECD44EA-F737-4601-89FA-8C54B75DFEB9}.Release|x86.ActiveCfg = Release|Any CPU
		{0ECD44EA-F737-4601-89FA-8C54B75DFEB9}.Release|x86.Build.0 = Release|Any CPU
		{1D923644-290A-4FA9-95D4-DC915D290E26}.Debug|Any CPU.ActiveCfg = Debug|Any CPU
		{1D923644-290A-4FA9-95D4-DC915D290E26}.Debug|Any CPU.Build.0 = Debug|Any CPU
		{1D923644-290A-4FA9-95D4-DC915D290E26}.Debug|x64.ActiveCfg = Debug|Any CPU
		{1D923644-290A-4FA9-95D4-DC915D290E26}.Debug|x64.Build.0 = Debug|Any CPU
		{1D923644-290A-4FA9-95D4-DC915D290E26}.Debug|x86.ActiveCfg = Debug|Any CPU
		{1D923644-290A-4FA9-95D4-DC915D290E26}.Debug|x86.Build.0 = Debug|Any CPU
		{1D923644-290A-4FA9-95D4-DC915D290E26}.Release|Any CPU.ActiveCfg = Release|Any CPU
		{1D923644-290A-4FA9-95D4-DC915D290E26}.Release|Any CPU.Build.0 = Release|Any CPU
		{1D923644-290A-4FA9-95D4-DC915D290E26}.Release|x64.ActiveCfg = Release|Any CPU
		{1D923644-290A-4FA9-95D4-DC915D290E26}.Release|x64.Build.0 = Release|Any CPU
		{1D923644-290A-4FA9-95D4-DC915D290E26}.Release|x86.ActiveCfg = Release|Any CPU
		{1D923644-290A-4FA9-95D4-DC915D290E26}.Release|x86.Build.0 = Release|Any CPU
		{81DDED9D-158B-E303-5F62-77A2896D2A5A}.Debug|Any CPU.ActiveCfg = Debug|Any CPU
		{81DDED9D-158B-E303-5F62-77A2896D2A5A}.Debug|Any CPU.Build.0 = Debug|Any CPU
		{81DDED9D-158B-E303-5F62-77A2896D2A5A}.Debug|x64.ActiveCfg = Debug|x64
		{81DDED9D-158B-E303-5F62-77A2896D2A5A}.Debug|x86.ActiveCfg = Debug|x86
		{81DDED9D-158B-E303-5F62-77A2896D2A5A}.Release|Any CPU.ActiveCfg = Release|Any CPU
		{81DDED9D-158B-E303-5F62-77A2896D2A5A}.Release|Any CPU.Build.0 = Release|Any CPU
		{81DDED9D-158B-E303-5F62-77A2896D2A5A}.Release|x64.ActiveCfg = Release|x64
		{81DDED9D-158B-E303-5F62-77A2896D2A5A}.Release|x86.ActiveCfg = Release|x86
		{9CE1696F-7B4F-4163-8B9B-275CC47C976C}.Debug|Any CPU.ActiveCfg = Debug|Any CPU
		{9CE1696F-7B4F-4163-8B9B-275CC47C976C}.Debug|Any CPU.Build.0 = Debug|Any CPU
		{9CE1696F-7B4F-4163-8B9B-275CC47C976C}.Debug|x64.ActiveCfg = Debug|Any CPU
		{9CE1696F-7B4F-4163-8B9B-275CC47C976C}.Debug|x64.Build.0 = Debug|Any CPU
		{9CE1696F-7B4F-4163-8B9B-275CC47C976C}.Debug|x86.ActiveCfg = Debug|Any CPU
		{9CE1696F-7B4F-4163-8B9B-275CC47C976C}.Debug|x86.Build.0 = Debug|Any CPU
		{9CE1696F-7B4F-4163-8B9B-275CC47C976C}.Release|Any CPU.ActiveCfg = Release|Any CPU
		{9CE1696F-7B4F-4163-8B9B-275CC47C976C}.Release|Any CPU.Build.0 = Release|Any CPU
		{9CE1696F-7B4F-4163-8B9B-275CC47C976C}.Release|x64.ActiveCfg = Release|Any CPU
		{9CE1696F-7B4F-4163-8B9B-275CC47C976C}.Release|x64.Build.0 = Release|Any CPU
		{9CE1696F-7B4F-4163-8B9B-275CC47C976C}.Release|x86.ActiveCfg = Release|Any CPU
		{9CE1696F-7B4F-4163-8B9B-275CC47C976C}.Release|x86.Build.0 = Release|Any CPU
		{958DF18C-F2D5-4A95-AEDA-BDC749BD55EB}.Debug|Any CPU.ActiveCfg = Debug|Any CPU
		{958DF18C-F2D5-4A95-AEDA-BDC749BD55EB}.Debug|Any CPU.Build.0 = Debug|Any CPU
		{958DF18C-F2D5-4A95-AEDA-BDC749BD55EB}.Debug|x64.ActiveCfg = Debug|Any CPU
		{958DF18C-F2D5-4A95-AEDA-BDC749BD55EB}.Debug|x64.Build.0 = Debug|Any CPU
		{958DF18C-F2D5-4A95-AEDA-BDC749BD55EB}.Debug|x86.ActiveCfg = Debug|Any CPU
		{958DF18C-F2D5-4A95-AEDA-BDC749BD55EB}.Debug|x86.Build.0 = Debug|Any CPU
		{958DF18C-F2D5-4A95-AEDA-BDC749BD55EB}.Release|Any CPU.ActiveCfg = Release|Any CPU
		{958DF18C-F2D5-4A95-AEDA-BDC749BD55EB}.Release|Any CPU.Build.0 = Release|Any CPU
		{958DF18C-F2D5-4A95-AEDA-BDC749BD55EB}.Release|x64.ActiveCfg = Release|Any CPU
		{958DF18C-F2D5-4A95-AEDA-BDC749BD55EB}.Release|x64.Build.0 = Release|Any CPU
		{958DF18C-F2D5-4A95-AEDA-BDC749BD55EB}.Release|x86.ActiveCfg = Release|Any CPU
		{958DF18C-F2D5-4A95-AEDA-BDC749BD55EB}.Release|x86.Build.0 = Release|Any CPU
		{36E27CD4-022D-4A44-BCC0-951C33ED8330}.Debug|Any CPU.ActiveCfg = Debug|Any CPU
		{36E27CD4-022D-4A44-BCC0-951C33ED8330}.Debug|Any CPU.Build.0 = Debug|Any CPU
		{36E27CD4-022D-4A44-BCC0-951C33ED8330}.Debug|x64.ActiveCfg = Debug|Any CPU
		{36E27CD4-022D-4A44-BCC0-951C33ED8330}.Debug|x64.Build.0 = Debug|Any CPU
		{36E27CD4-022D-4A44-BCC0-951C33ED8330}.Debug|x86.ActiveCfg = Debug|Any CPU
		{36E27CD4-022D-4A44-BCC0-951C33ED8330}.Debug|x86.Build.0 = Debug|Any CPU
		{36E27CD4-022D-4A44-BCC0-951C33ED8330}.Release|Any CPU.ActiveCfg = Release|Any CPU
		{36E27CD4-022D-4A44-BCC0-951C33ED8330}.Release|Any CPU.Build.0 = Release|Any CPU
		{36E27CD4-022D-4A44-BCC0-951C33ED8330}.Release|x64.ActiveCfg = Release|Any CPU
		{36E27CD4-022D-4A44-BCC0-951C33ED8330}.Release|x64.Build.0 = Release|Any CPU
		{36E27CD4-022D-4A44-BCC0-951C33ED8330}.Release|x86.ActiveCfg = Release|Any CPU
		{36E27CD4-022D-4A44-BCC0-951C33ED8330}.Release|x86.Build.0 = Release|Any CPU
		{5100EC95-4225-43AD-9062-F1EDA8ECDF80}.Debug|Any CPU.ActiveCfg = Debug|Any CPU
		{5100EC95-4225-43AD-9062-F1EDA8ECDF80}.Debug|Any CPU.Build.0 = Debug|Any CPU
		{5100EC95-4225-43AD-9062-F1EDA8ECDF80}.Debug|x64.ActiveCfg = Debug|Any CPU
		{5100EC95-4225-43AD-9062-F1EDA8ECDF80}.Debug|x64.Build.0 = Debug|Any CPU
		{5100EC95-4225-43AD-9062-F1EDA8ECDF80}.Debug|x86.ActiveCfg = Debug|Any CPU
		{5100EC95-4225-43AD-9062-F1EDA8ECDF80}.Debug|x86.Build.0 = Debug|Any CPU
		{5100EC95-4225-43AD-9062-F1EDA8ECDF80}.Release|Any CPU.ActiveCfg = Release|Any CPU
		{5100EC95-4225-43AD-9062-F1EDA8ECDF80}.Release|Any CPU.Build.0 = Release|Any CPU
		{5100EC95-4225-43AD-9062-F1EDA8ECDF80}.Release|x64.ActiveCfg = Release|Any CPU
		{5100EC95-4225-43AD-9062-F1EDA8ECDF80}.Release|x64.Build.0 = Release|Any CPU
		{5100EC95-4225-43AD-9062-F1EDA8ECDF80}.Release|x86.ActiveCfg = Release|Any CPU
		{5100EC95-4225-43AD-9062-F1EDA8ECDF80}.Release|x86.Build.0 = Release|Any CPU
		{CF405C10-219B-4ADA-8C19-E910187F3146}.Debug|Any CPU.ActiveCfg = Debug|Any CPU
		{CF405C10-219B-4ADA-8C19-E910187F3146}.Debug|Any CPU.Build.0 = Debug|Any CPU
		{CF405C10-219B-4ADA-8C19-E910187F3146}.Debug|x64.ActiveCfg = Debug|Any CPU
		{CF405C10-219B-4ADA-8C19-E910187F3146}.Debug|x64.Build.0 = Debug|Any CPU
		{CF405C10-219B-4ADA-8C19-E910187F3146}.Debug|x86.ActiveCfg = Debug|Any CPU
		{CF405C10-219B-4ADA-8C19-E910187F3146}.Debug|x86.Build.0 = Debug|Any CPU
		{CF405C10-219B-4ADA-8C19-E910187F3146}.Release|Any CPU.ActiveCfg = Release|Any CPU
		{CF405C10-219B-4ADA-8C19-E910187F3146}.Release|Any CPU.Build.0 = Release|Any CPU
		{CF405C10-219B-4ADA-8C19-E910187F3146}.Release|x64.ActiveCfg = Release|Any CPU
		{CF405C10-219B-4ADA-8C19-E910187F3146}.Release|x64.Build.0 = Release|Any CPU
		{CF405C10-219B-4ADA-8C19-E910187F3146}.Release|x86.ActiveCfg = Release|Any CPU
		{CF405C10-219B-4ADA-8C19-E910187F3146}.Release|x86.Build.0 = Release|Any CPU
		{46276BFC-A1AB-40FF-AE79-3BAEE39E52E2}.Debug|Any CPU.ActiveCfg = Debug|Any CPU
		{46276BFC-A1AB-40FF-AE79-3BAEE39E52E2}.Debug|Any CPU.Build.0 = Debug|Any CPU
		{46276BFC-A1AB-40FF-AE79-3BAEE39E52E2}.Debug|x64.ActiveCfg = Debug|Any CPU
		{46276BFC-A1AB-40FF-AE79-3BAEE39E52E2}.Debug|x64.Build.0 = Debug|Any CPU
		{46276BFC-A1AB-40FF-AE79-3BAEE39E52E2}.Debug|x86.ActiveCfg = Debug|Any CPU
		{46276BFC-A1AB-40FF-AE79-3BAEE39E52E2}.Debug|x86.Build.0 = Debug|Any CPU
		{46276BFC-A1AB-40FF-AE79-3BAEE39E52E2}.Release|Any CPU.ActiveCfg = Release|Any CPU
		{46276BFC-A1AB-40FF-AE79-3BAEE39E52E2}.Release|Any CPU.Build.0 = Release|Any CPU
		{46276BFC-A1AB-40FF-AE79-3BAEE39E52E2}.Release|x64.ActiveCfg = Release|Any CPU
		{46276BFC-A1AB-40FF-AE79-3BAEE39E52E2}.Release|x64.Build.0 = Release|Any CPU
		{46276BFC-A1AB-40FF-AE79-3BAEE39E52E2}.Release|x86.ActiveCfg = Release|Any CPU
		{46276BFC-A1AB-40FF-AE79-3BAEE39E52E2}.Release|x86.Build.0 = Release|Any CPU
		{BD0CFC0A-32E8-42D4-9B1F-2DB3DD8FF101}.Debug|Any CPU.ActiveCfg = Debug|Any CPU
		{BD0CFC0A-32E8-42D4-9B1F-2DB3DD8FF101}.Debug|Any CPU.Build.0 = Debug|Any CPU
		{BD0CFC0A-32E8-42D4-9B1F-2DB3DD8FF101}.Debug|x64.ActiveCfg = Debug|Any CPU
		{BD0CFC0A-32E8-42D4-9B1F-2DB3DD8FF101}.Debug|x64.Build.0 = Debug|Any CPU
		{BD0CFC0A-32E8-42D4-9B1F-2DB3DD8FF101}.Debug|x86.ActiveCfg = Debug|Any CPU
		{BD0CFC0A-32E8-42D4-9B1F-2DB3DD8FF101}.Debug|x86.Build.0 = Debug|Any CPU
		{BD0CFC0A-32E8-42D4-9B1F-2DB3DD8FF101}.Release|Any CPU.ActiveCfg = Release|Any CPU
		{BD0CFC0A-32E8-42D4-9B1F-2DB3DD8FF101}.Release|Any CPU.Build.0 = Release|Any CPU
		{BD0CFC0A-32E8-42D4-9B1F-2DB3DD8FF101}.Release|x64.ActiveCfg = Release|Any CPU
		{BD0CFC0A-32E8-42D4-9B1F-2DB3DD8FF101}.Release|x64.Build.0 = Release|Any CPU
		{BD0CFC0A-32E8-42D4-9B1F-2DB3DD8FF101}.Release|x86.ActiveCfg = Release|Any CPU
		{BD0CFC0A-32E8-42D4-9B1F-2DB3DD8FF101}.Release|x86.Build.0 = Release|Any CPU
		{623847D9-5BCD-4120-8088-9D846A30A154}.Debug|Any CPU.ActiveCfg = Debug|Any CPU
		{623847D9-5BCD-4120-8088-9D846A30A154}.Debug|Any CPU.Build.0 = Debug|Any CPU
		{623847D9-5BCD-4120-8088-9D846A30A154}.Debug|x64.ActiveCfg = Debug|Any CPU
		{623847D9-5BCD-4120-8088-9D846A30A154}.Debug|x64.Build.0 = Debug|Any CPU
		{623847D9-5BCD-4120-8088-9D846A30A154}.Debug|x86.ActiveCfg = Debug|Any CPU
		{623847D9-5BCD-4120-8088-9D846A30A154}.Debug|x86.Build.0 = Debug|Any CPU
		{623847D9-5BCD-4120-8088-9D846A30A154}.Release|Any CPU.ActiveCfg = Release|Any CPU
		{623847D9-5BCD-4120-8088-9D846A30A154}.Release|Any CPU.Build.0 = Release|Any CPU
		{623847D9-5BCD-4120-8088-9D846A30A154}.Release|x64.ActiveCfg = Release|Any CPU
		{623847D9-5BCD-4120-8088-9D846A30A154}.Release|x64.Build.0 = Release|Any CPU
		{623847D9-5BCD-4120-8088-9D846A30A154}.Release|x86.ActiveCfg = Release|Any CPU
		{623847D9-5BCD-4120-8088-9D846A30A154}.Release|x86.Build.0 = Release|Any CPU
		{09DB9129-CA0A-4FCC-84DC-8E0EEE9C8DEC}.Debug|Any CPU.ActiveCfg = Debug|Any CPU
		{09DB9129-CA0A-4FCC-84DC-8E0EEE9C8DEC}.Debug|Any CPU.Build.0 = Debug|Any CPU
		{09DB9129-CA0A-4FCC-84DC-8E0EEE9C8DEC}.Debug|x64.ActiveCfg = Debug|Any CPU
		{09DB9129-CA0A-4FCC-84DC-8E0EEE9C8DEC}.Debug|x64.Build.0 = Debug|Any CPU
		{09DB9129-CA0A-4FCC-84DC-8E0EEE9C8DEC}.Debug|x86.ActiveCfg = Debug|Any CPU
		{09DB9129-CA0A-4FCC-84DC-8E0EEE9C8DEC}.Debug|x86.Build.0 = Debug|Any CPU
		{09DB9129-CA0A-4FCC-84DC-8E0EEE9C8DEC}.Release|Any CPU.ActiveCfg = Release|Any CPU
		{09DB9129-CA0A-4FCC-84DC-8E0EEE9C8DEC}.Release|Any CPU.Build.0 = Release|Any CPU
		{09DB9129-CA0A-4FCC-84DC-8E0EEE9C8DEC}.Release|x64.ActiveCfg = Release|Any CPU
		{09DB9129-CA0A-4FCC-84DC-8E0EEE9C8DEC}.Release|x64.Build.0 = Release|Any CPU
		{09DB9129-CA0A-4FCC-84DC-8E0EEE9C8DEC}.Release|x86.ActiveCfg = Release|Any CPU
		{09DB9129-CA0A-4FCC-84DC-8E0EEE9C8DEC}.Release|x86.Build.0 = Release|Any CPU
		{174DE950-B317-4ECC-8CFC-D8AADE9F91EC}.Debug|Any CPU.ActiveCfg = Debug|Any CPU
		{174DE950-B317-4ECC-8CFC-D8AADE9F91EC}.Debug|Any CPU.Build.0 = Debug|Any CPU
		{174DE950-B317-4ECC-8CFC-D8AADE9F91EC}.Debug|x64.ActiveCfg = Debug|Any CPU
		{174DE950-B317-4ECC-8CFC-D8AADE9F91EC}.Debug|x64.Build.0 = Debug|Any CPU
		{174DE950-B317-4ECC-8CFC-D8AADE9F91EC}.Debug|x86.ActiveCfg = Debug|Any CPU
		{174DE950-B317-4ECC-8CFC-D8AADE9F91EC}.Debug|x86.Build.0 = Debug|Any CPU
		{174DE950-B317-4ECC-8CFC-D8AADE9F91EC}.Release|Any CPU.ActiveCfg = Release|Any CPU
		{174DE950-B317-4ECC-8CFC-D8AADE9F91EC}.Release|Any CPU.Build.0 = Release|Any CPU
		{174DE950-B317-4ECC-8CFC-D8AADE9F91EC}.Release|x64.ActiveCfg = Release|Any CPU
		{174DE950-B317-4ECC-8CFC-D8AADE9F91EC}.Release|x64.Build.0 = Release|Any CPU
		{174DE950-B317-4ECC-8CFC-D8AADE9F91EC}.Release|x86.ActiveCfg = Release|Any CPU
		{174DE950-B317-4ECC-8CFC-D8AADE9F91EC}.Release|x86.Build.0 = Release|Any CPU
		{35B60E3B-5F01-4E3C-A0F4-EE65FC35121A}.Debug|Any CPU.ActiveCfg = Debug|Any CPU
		{35B60E3B-5F01-4E3C-A0F4-EE65FC35121A}.Debug|Any CPU.Build.0 = Debug|Any CPU
		{35B60E3B-5F01-4E3C-A0F4-EE65FC35121A}.Debug|x64.ActiveCfg = Debug|Any CPU
		{35B60E3B-5F01-4E3C-A0F4-EE65FC35121A}.Debug|x64.Build.0 = Debug|Any CPU
		{35B60E3B-5F01-4E3C-A0F4-EE65FC35121A}.Debug|x86.ActiveCfg = Debug|Any CPU
		{35B60E3B-5F01-4E3C-A0F4-EE65FC35121A}.Debug|x86.Build.0 = Debug|Any CPU
		{35B60E3B-5F01-4E3C-A0F4-EE65FC35121A}.Release|Any CPU.ActiveCfg = Release|Any CPU
		{35B60E3B-5F01-4E3C-A0F4-EE65FC35121A}.Release|Any CPU.Build.0 = Release|Any CPU
		{35B60E3B-5F01-4E3C-A0F4-EE65FC35121A}.Release|x64.ActiveCfg = Release|Any CPU
		{35B60E3B-5F01-4E3C-A0F4-EE65FC35121A}.Release|x64.Build.0 = Release|Any CPU
		{35B60E3B-5F01-4E3C-A0F4-EE65FC35121A}.Release|x86.ActiveCfg = Release|Any CPU
		{35B60E3B-5F01-4E3C-A0F4-EE65FC35121A}.Release|x86.Build.0 = Release|Any CPU
		{9F39419D-0674-4DEC-86A2-C3BEB91FF4D1}.Debug|Any CPU.ActiveCfg = Debug|Any CPU
		{9F39419D-0674-4DEC-86A2-C3BEB91FF4D1}.Debug|Any CPU.Build.0 = Debug|Any CPU
		{9F39419D-0674-4DEC-86A2-C3BEB91FF4D1}.Debug|x64.ActiveCfg = Debug|Any CPU
		{9F39419D-0674-4DEC-86A2-C3BEB91FF4D1}.Debug|x64.Build.0 = Debug|Any CPU
		{9F39419D-0674-4DEC-86A2-C3BEB91FF4D1}.Debug|x86.ActiveCfg = Debug|Any CPU
		{9F39419D-0674-4DEC-86A2-C3BEB91FF4D1}.Debug|x86.Build.0 = Debug|Any CPU
		{9F39419D-0674-4DEC-86A2-C3BEB91FF4D1}.Release|Any CPU.ActiveCfg = Release|Any CPU
		{9F39419D-0674-4DEC-86A2-C3BEB91FF4D1}.Release|Any CPU.Build.0 = Release|Any CPU
		{9F39419D-0674-4DEC-86A2-C3BEB91FF4D1}.Release|x64.ActiveCfg = Release|Any CPU
		{9F39419D-0674-4DEC-86A2-C3BEB91FF4D1}.Release|x64.Build.0 = Release|Any CPU
		{9F39419D-0674-4DEC-86A2-C3BEB91FF4D1}.Release|x86.ActiveCfg = Release|Any CPU
		{9F39419D-0674-4DEC-86A2-C3BEB91FF4D1}.Release|x86.Build.0 = Release|Any CPU
		{5CDFC285-76B2-C26E-C7EE-013BE183A7D6}.Debug|Any CPU.ActiveCfg = Debug|Any CPU
		{5CDFC285-76B2-C26E-C7EE-013BE183A7D6}.Debug|Any CPU.Build.0 = Debug|Any CPU
		{5CDFC285-76B2-C26E-C7EE-013BE183A7D6}.Debug|x64.ActiveCfg = Debug|Any CPU
		{5CDFC285-76B2-C26E-C7EE-013BE183A7D6}.Debug|x64.Build.0 = Debug|Any CPU
		{5CDFC285-76B2-C26E-C7EE-013BE183A7D6}.Debug|x86.ActiveCfg = Debug|Any CPU
		{5CDFC285-76B2-C26E-C7EE-013BE183A7D6}.Debug|x86.Build.0 = Debug|Any CPU
		{5CDFC285-76B2-C26E-C7EE-013BE183A7D6}.Release|Any CPU.ActiveCfg = Release|Any CPU
		{5CDFC285-76B2-C26E-C7EE-013BE183A7D6}.Release|Any CPU.Build.0 = Release|Any CPU
		{5CDFC285-76B2-C26E-C7EE-013BE183A7D6}.Release|x64.ActiveCfg = Release|Any CPU
		{5CDFC285-76B2-C26E-C7EE-013BE183A7D6}.Release|x64.Build.0 = Release|Any CPU
		{5CDFC285-76B2-C26E-C7EE-013BE183A7D6}.Release|x86.ActiveCfg = Release|Any CPU
		{5CDFC285-76B2-C26E-C7EE-013BE183A7D6}.Release|x86.Build.0 = Release|Any CPU
		{27FC8D86-DD36-4B86-B6C7-1936926481D2}.Debug|Any CPU.ActiveCfg = Debug|Any CPU
		{27FC8D86-DD36-4B86-B6C7-1936926481D2}.Debug|Any CPU.Build.0 = Debug|Any CPU
		{27FC8D86-DD36-4B86-B6C7-1936926481D2}.Debug|x64.ActiveCfg = Debug|Any CPU
		{27FC8D86-DD36-4B86-B6C7-1936926481D2}.Debug|x64.Build.0 = Debug|Any CPU
		{27FC8D86-DD36-4B86-B6C7-1936926481D2}.Debug|x86.ActiveCfg = Debug|Any CPU
		{27FC8D86-DD36-4B86-B6C7-1936926481D2}.Debug|x86.Build.0 = Debug|Any CPU
		{27FC8D86-DD36-4B86-B6C7-1936926481D2}.Release|Any CPU.ActiveCfg = Release|Any CPU
		{27FC8D86-DD36-4B86-B6C7-1936926481D2}.Release|Any CPU.Build.0 = Release|Any CPU
		{27FC8D86-DD36-4B86-B6C7-1936926481D2}.Release|x64.ActiveCfg = Release|Any CPU
		{27FC8D86-DD36-4B86-B6C7-1936926481D2}.Release|x64.Build.0 = Release|Any CPU
		{27FC8D86-DD36-4B86-B6C7-1936926481D2}.Release|x86.ActiveCfg = Release|Any CPU
		{27FC8D86-DD36-4B86-B6C7-1936926481D2}.Release|x86.Build.0 = Release|Any CPU
	EndGlobalSection
	GlobalSection(SolutionProperties) = preSolution
		HideSolutionNode = FALSE
	EndGlobalSection
	GlobalSection(NestedProjects) = preSolution
		{3EE96C3E-7BAF-47C6-A6B3-E52C48DA5608} = {02EA681E-C7D8-13C7-8484-4AC65E1B71E8}
		{0ECD44EA-F737-4601-89FA-8C54B75DFEB9} = {9710A3FA-E00D-4C42-A2BA-08D7EF638A2F}
		{1D923644-290A-4FA9-95D4-DC915D290E26} = {9710A3FA-E00D-4C42-A2BA-08D7EF638A2F}
		{0978990D-029E-432A-8234-A31EBE9A1DD0} = {B243F072-C22C-4297-9AE9-D48C4E170FB0}
		{9CE1696F-7B4F-4163-8B9B-275CC47C976C} = {0978990D-029E-432A-8234-A31EBE9A1DD0}
		{958DF18C-F2D5-4A95-AEDA-BDC749BD55EB} = {0978990D-029E-432A-8234-A31EBE9A1DD0}
		{36E27CD4-022D-4A44-BCC0-951C33ED8330} = {0978990D-029E-432A-8234-A31EBE9A1DD0}
		{5100EC95-4225-43AD-9062-F1EDA8ECDF80} = {0978990D-029E-432A-8234-A31EBE9A1DD0}
		{2CFFDA80-441F-40FE-9938-8B6E693C6C43} = {B243F072-C22C-4297-9AE9-D48C4E170FB0}
		{CF405C10-219B-4ADA-8C19-E910187F3146} = {2CFFDA80-441F-40FE-9938-8B6E693C6C43}
		{761DC7E0-BBB7-4CA5-BB83-F8CC72FBC52E} = {B243F072-C22C-4297-9AE9-D48C4E170FB0}
		{46276BFC-A1AB-40FF-AE79-3BAEE39E52E2} = {761DC7E0-BBB7-4CA5-BB83-F8CC72FBC52E}
		{BD0CFC0A-32E8-42D4-9B1F-2DB3DD8FF101} = {761DC7E0-BBB7-4CA5-BB83-F8CC72FBC52E}
		{623847D9-5BCD-4120-8088-9D846A30A154} = {761DC7E0-BBB7-4CA5-BB83-F8CC72FBC52E}
		{09DB9129-CA0A-4FCC-84DC-8E0EEE9C8DEC} = {761DC7E0-BBB7-4CA5-BB83-F8CC72FBC52E}
		{6CD282F9-7661-4F4A-B581-47326F56FA8B} = {B243F072-C22C-4297-9AE9-D48C4E170FB0}
		{174DE950-B317-4ECC-8CFC-D8AADE9F91EC} = {6CD282F9-7661-4F4A-B581-47326F56FA8B}
		{35B60E3B-5F01-4E3C-A0F4-EE65FC35121A} = {2CFFDA80-441F-40FE-9938-8B6E693C6C43}
		{9F39419D-0674-4DEC-86A2-C3BEB91FF4D1} = {2CFFDA80-441F-40FE-9938-8B6E693C6C43}
		{5CDFC285-76B2-C26E-C7EE-013BE183A7D6} = {2CFFDA80-441F-40FE-9938-8B6E693C6C43}
		{27FC8D86-DD36-4B86-B6C7-1936926481D2} = {9710A3FA-E00D-4C42-A2BA-08D7EF638A2F}
	EndGlobalSection
	GlobalSection(ExtensibilityGlobals) = postSolution
		SolutionGuid = {2D7B2802-D33C-498C-B876-6D1F8CF5AC2C}
	EndGlobalSection
EndGlobal
